
Microsoft Visual Studio Solution File, Format Version 12.00
# Visual Studio Version 17
VisualStudioVersion = 17.9.34723.18
MinimumVisualStudioVersion = 10.0.40219.1
Project("{FAE04EC0-301F-11D3-BF4B-00C04F79EFBC}") = "LINQPOC", "LINQPOC\LINQPOC.csproj", "{97F0D490-14C2-43D8-9B8E-4F84EAED6C18}"
EndProject
Global
	GlobalSection(SolutionConfigurationPlatforms) = preSolution
		Debug|Any CPU = Debug|Any CPU
		Release|Any CPU = Release|Any CPU
	EndGlobalSection
	GlobalSection(ProjectConfigurationPlatforms) = postSolution
		{97F0D490-14C2-43D8-9B8E-4F84EAED6C18}.Debug|Any CPU.ActiveCfg = Debug|Any CPU
		{97F0D490-14C2-43D8-9B8E-4F84EAED6C18}.Debug|Any CPU.Build.0 = Debug|Any CPU
		{97F0D490-14C2-43D8-9B8E-4F84EAED6C18}.Release|Any CPU.ActiveCfg = Release|Any CPU
		{97F0D490-14C2-43D8-9B8E-4F84EAED6C18}.Release|Any CPU.Build.0 = Release|Any CPU
	EndGlobalSection
	GlobalSection(SolutionProperties) = preSolution
		HideSolutionNode = FALSE
	EndGlobalSection
	GlobalSection(ExtensibilityGlobals) = postSolution
		SolutionGuid = {0AD9EF77-25DB-472C-8BE7-39331DCED1B5}
	EndGlobalSection
EndGlobal
